
Microsoft Visual Studio Solution File, Format Version 12.00
# Visual Studio Version 16
VisualStudioVersion = 16.0.31112.23
MinimumVisualStudioVersion = 10.0.40219.1
Project("{9A19103F-16F7-4668-BE54-9A1E7A4F7556}") = "Infinitum.Data", "Infinitum.EntityFramework\Infinitum.Data.csproj", "{19E0111C-1E8D-4AC6-9E5F-FDFFCB5AEF63}"
EndProject
Project("{9A19103F-16F7-4668-BE54-9A1E7A4F7556}") = "Infinitum.WebApi", "Infinitum.WebApi\Infinitum.WebApi.csproj", "{A2BF00C4-33F7-4412-BE1C-CB15B3F0E0AF}"
EndProject
Project("{FAE04EC0-301F-11D3-BF4B-00C04F79EFBC}") = "Infinitum.Models", "Infinitum.Models\Infinitum.Models.csproj", "{C23DEDE8-CE69-4154-A396-F5299FC2B3D9}"
EndProject
Project("{FAE04EC0-301F-11D3-BF4B-00C04F79EFBC}") = "Infinitum.Domain", "Infinitum.BL\Infinitum.Domain.csproj", "{C5F0E6FE-10E3-495F-86DF-0DE1C3DDD206}"
EndProject
Global
	GlobalSection(SolutionConfigurationPlatforms) = preSolution
		Debug|Any CPU = Debug|Any CPU
		Release|Any CPU = Release|Any CPU
	EndGlobalSection
	GlobalSection(ProjectConfigurationPlatforms) = postSolution
		{19E0111C-1E8D-4AC6-9E5F-FDFFCB5AEF63}.Debug|Any CPU.ActiveCfg = Debug|Any CPU
		{19E0111C-1E8D-4AC6-9E5F-FDFFCB5AEF63}.Debug|Any CPU.Build.0 = Debug|Any CPU
		{19E0111C-1E8D-4AC6-9E5F-FDFFCB5AEF63}.Release|Any CPU.ActiveCfg = Release|Any CPU
		{19E0111C-1E8D-4AC6-9E5F-FDFFCB5AEF63}.Release|Any CPU.Build.0 = Release|Any CPU
		{A2BF00C4-33F7-4412-BE1C-CB15B3F0E0AF}.Debug|Any CPU.ActiveCfg = Debug|Any CPU
		{A2BF00C4-33F7-4412-BE1C-CB15B3F0E0AF}.Debug|Any CPU.Build.0 = Debug|Any CPU
		{A2BF00C4-33F7-4412-BE1C-CB15B3F0E0AF}.Release|Any CPU.ActiveCfg = Release|Any CPU
		{A2BF00C4-33F7-4412-BE1C-CB15B3F0E0AF}.Release|Any CPU.Build.0 = Release|Any CPU
		{C23DEDE8-CE69-4154-A396-F5299FC2B3D9}.Debug|Any CPU.ActiveCfg = Debug|Any CPU
		{C23DEDE8-CE69-4154-A396-F5299FC2B3D9}.Debug|Any CPU.Build.0 = Debug|Any CPU
		{C23DEDE8-CE69-4154-A396-F5299FC2B3D9}.Release|Any CPU.ActiveCfg = Release|Any CPU
		{C23DEDE8-CE69-4154-A396-F5299FC2B3D9}.Release|Any CPU.Build.0 = Release|Any CPU
		{C5F0E6FE-10E3-495F-86DF-0DE1C3DDD206}.Debug|Any CPU.ActiveCfg = Debug|Any CPU
		{C5F0E6FE-10E3-495F-86DF-0DE1C3DDD206}.Debug|Any CPU.Build.0 = Debug|Any CPU
		{C5F0E6FE-10E3-495F-86DF-0DE1C3DDD206}.Release|Any CPU.ActiveCfg = Release|Any CPU
		{C5F0E6FE-10E3-495F-86DF-0DE1C3DDD206}.Release|Any CPU.Build.0 = Release|Any CPU
	EndGlobalSection
	GlobalSection(SolutionProperties) = preSolution
		HideSolutionNode = FALSE
	EndGlobalSection
	GlobalSection(ExtensibilityGlobals) = postSolution
		SolutionGuid = {FD4B9497-BF37-4C85-90E5-9CC63F0EBCD6}
	EndGlobalSection
EndGlobal
